// !$*UTF8*$!
{
	archiveVersion = 1;
	classes = {
	};
	objectVersion = 46;
	objects = {

/* Begin PBXBuildFile section */
		748B100E1AB547EE005670CE /* AppDelegate.swift in Sources */ = {isa = PBXBuildFile; fileRef = 748B100D1AB547EE005670CE /* AppDelegate.swift */; };
		748B10111AB547EE005670CE /* Todoapps.xcdatamodeld in Sources */ = {isa = PBXBuildFile; fileRef = 748B100F1AB547EE005670CE /* Todoapps.xcdatamodeld */; };
		748B10131AB547EE005670CE /* ViewController.swift in Sources */ = {isa = PBXBuildFile; fileRef = 748B10121AB547EE005670CE /* ViewController.swift */; };
		748B10161AB547EE005670CE /* Main.storyboard in Resources */ = {isa = PBXBuildFile; fileRef = 748B10141AB547EE005670CE /* Main.storyboard */; };
		748B10181AB547EE005670CE /* Images.xcassets in Resources */ = {isa = PBXBuildFile; fileRef = 748B10171AB547EE005670CE /* Images.xcassets */; };
		748B101B1AB547EE005670CE /* LaunchScreen.xib in Resources */ = {isa = PBXBuildFile; fileRef = 748B10191AB547EE005670CE /* LaunchScreen.xib */; };
		748B10271AB547EE005670CE /* TodoappsTests.swift in Sources */ = {isa = PBXBuildFile; fileRef = 748B10261AB547EE005670CE /* TodoappsTests.swift */; };
		748B10311AB55984005670CE /* Entity.swift in Sources */ = {isa = PBXBuildFile; fileRef = 748B10301AB55984005670CE /* Entity.swift */; };
/* End PBXBuildFile section */

/* Begin PBXContainerItemProxy section */
		748B10211AB547EE005670CE /* PBXContainerItemProxy */ = {
			isa = PBXContainerItemProxy;
			containerPortal = 748B10001AB547ED005670CE /* Project object */;
			proxyType = 1;
			remoteGlobalIDString = 748B10071AB547ED005670CE;
			remoteInfo = Todoapps;
		};
/* End PBXContainerItemProxy section */

/* Begin PBXFileReference section */
		748B10081AB547ED005670CE /* Todoapps.app */ = {isa = PBXFileReference; explicitFileType = wrapper.application; includeInIndex = 0; path = Todoapps.app; sourceTree = BUILT_PRODUCTS_DIR; };
		748B100C1AB547EE005670CE /* Info.plist */ = {isa = PBXFileReference; lastKnownFileType = text.plist.xml; path = Info.plist; sourceTree = "<group>"; };
		748B100D1AB547EE005670CE /* AppDelegate.swift */ = {isa = PBXFileReference; lastKnownFileType = sourcecode.swift; path = AppDelegate.swift; sourceTree = "<group>"; };
		748B10101AB547EE005670CE /* Todoapps.xcdatamodel */ = {isa = PBXFileReference; lastKnownFileType = wrapper.xcdatamodel; path = Todoapps.xcdatamodel; sourceTree = "<group>"; };
		748B10121AB547EE005670CE /* ViewController.swift */ = {isa = PBXFileReference; lastKnownFileType = sourcecode.swift; path = ViewController.swift; sourceTree = "<group>"; };
		748B10151AB547EE005670CE /* Base */ = {isa = PBXFileReference; lastKnownFileType = file.storyboard; name = Base; path = Base.lproj/Main.storyboard; sourceTree = "<group>"; };
		748B10171AB547EE005670CE /* Images.xcassets */ = {isa = PBXFileReference; lastKnownFileType = folder.assetcatalog; path = Images.xcassets; sourceTree = "<group>"; };
		748B101A1AB547EE005670CE /* Base */ = {isa = PBXFileReference; lastKnownFileType = file.xib; name = Base; path = Base.lproj/LaunchScreen.xib; sourceTree = "<group>"; };
		748B10201AB547EE005670CE /* TodoappsTests.xctest */ = {isa = PBXFileReference; explicitFileType = wrapper.cfbundle; includeInIndex = 0; path = TodoappsTests.xctest; sourceTree = BUILT_PRODUCTS_DIR; };
		748B10251AB547EE005670CE /* Info.plist */ = {isa = PBXFileReference; lastKnownFileType = text.plist.xml; path = Info.plist; sourceTree = "<group>"; };
		748B10261AB547EE005670CE /* TodoappsTests.swift */ = {isa = PBXFileReference; lastKnownFileType = sourcecode.swift; path = TodoappsTests.swift; sourceTree = "<group>"; };
		748B10301AB55984005670CE /* Entity.swift */ = {isa = PBXFileReference; fileEncoding = 4; lastKnownFileType = sourcecode.swift; path = Entity.swift; sourceTree = "<group>"; };
/* End PBXFileReference section */

/* Begin PBXFrameworksBuildPhase section */
		748B10051AB547ED005670CE /* Frameworks */ = {
			isa = PBXFrameworksBuildPhase;
			buildActionMask = 2147483647;
			files = (
			);
			runOnlyForDeploymentPostprocessing = 0;
		};
		748B101D1AB547EE005670CE /* Frameworks */ = {
			isa = PBXFrameworksBuildPhase;
			buildActionMask = 2147483647;
			files = (
			);
			runOnlyForDeploymentPostprocessing = 0;
		};
/* End PBXFrameworksBuildPhase section */

/* Begin PBXGroup section */
		748B0FFF1AB547ED005670CE = {
			isa = PBXGroup;
			children = (
				748B100A1AB547ED005670CE /* Todoapps */,
				748B10231AB547EE005670CE /* TodoappsTests */,
				748B10091AB547ED005670CE /* Products */,
			);
			sourceTree = "<group>";
		};
		748B10091AB547ED005670CE /* Products */ = {
			isa = PBXGroup;
			children = (
				748B10081AB547ED005670CE /* Todoapps.app */,
				748B10201AB547EE005670CE /* TodoappsTests.xctest */,
			);
			name = Products;
			sourceTree = "<group>";
		};
		748B100A1AB547ED005670CE /* Todoapps */ = {
			isa = PBXGroup;
			children = (
				748B100D1AB547EE005670CE /* AppDelegate.swift */,
				748B10121AB547EE005670CE /* ViewController.swift */,
				748B10141AB547EE005670CE /* Main.storyboard */,
				748B10171AB547EE005670CE /* Images.xcassets */,
				748B10191AB547EE005670CE /* LaunchScreen.xib */,
				748B100F1AB547EE005670CE /* Todoapps.xcdatamodeld */,
				748B10301AB55984005670CE /* Entity.swift */,
				748B100B1AB547EE005670CE /* Supporting Files */,
			);
			path = Todoapps;
			sourceTree = "<group>";
		};
		748B100B1AB547EE005670CE /* Supporting Files */ = {
			isa = PBXGroup;
			children = (
				748B100C1AB547EE005670CE /* Info.plist */,
			);
			name = "Supporting Files";
			sourceTree = "<group>";
		};
		748B10231AB547EE005670CE /* TodoappsTests */ = {
			isa = PBXGroup;
			children = (
				748B10261AB547EE005670CE /* TodoappsTests.swift */,
				748B10241AB547EE005670CE /* Supporting Files */,
			);
			path = TodoappsTests;
			sourceTree = "<group>";
		};
		748B10241AB547EE005670CE /* Supporting Files */ = {
			isa = PBXGroup;
			children = (
				748B10251AB547EE005670CE /* Info.plist */,
			);
			name = "Supporting Files";
			sourceTree = "<group>";
		};
/* End PBXGroup section */

/* Begin PBXNativeTarget section */
		748B10071AB547ED005670CE /* Todoapps */ = {
			isa = PBXNativeTarget;
			buildConfigurationList = 748B102A1AB547EE005670CE /* Build configuration list for PBXNativeTarget "Todoapps" */;
			buildPhases = (
				748B10041AB547ED005670CE /* Sources */,
				748B10051AB547ED005670CE /* Frameworks */,
				748B10061AB547ED005670CE /* Resources */,
			);
			buildRules = (
			);
			dependencies = (
			);
			name = Todoapps;
			productName = Todoapps;
			productReference = 748B10081AB547ED005670CE /* Todoapps.app */;
			productType = "com.apple.product-type.application";
		};
		748B101F1AB547EE005670CE /* TodoappsTests */ = {
			isa = PBXNativeTarget;
			buildConfigurationList = 748B102D1AB547EE005670CE /* Build configuration list for PBXNativeTarget "TodoappsTests" */;
			buildPhases = (
				748B101C1AB547EE005670CE /* Sources */,
				748B101D1AB547EE005670CE /* Frameworks */,
				748B101E1AB547EE005670CE /* Resources */,
			);
			buildRules = (
			);
			dependencies = (
				748B10221AB547EE005670CE /* PBXTargetDependency */,
			);
			name = TodoappsTests;
			productName = TodoappsTests;
			productReference = 748B10201AB547EE005670CE /* TodoappsTests.xctest */;
			productType = "com.apple.product-type.bundle.unit-test";
		};
/* End PBXNativeTarget section */

/* Begin PBXProject section */
		748B10001AB547ED005670CE /* Project object */ = {
			isa = PBXProject;
			attributes = {
				LastUpgradeCheck = 0610;
				ORGANIZATIONNAME = "Teruyuki Tomokane";
				TargetAttributes = {
					748B10071AB547ED005670CE = {
						CreatedOnToolsVersion = 6.1.1;
					};
					748B101F1AB547EE005670CE = {
						CreatedOnToolsVersion = 6.1.1;
						TestTargetID = 748B10071AB547ED005670CE;
					};
				};
			};
			buildConfigurationList = 748B10031AB547ED005670CE /* Build configuration list for PBXProject "Todoapps" */;
			compatibilityVersion = "Xcode 3.2";
			developmentRegion = English;
			hasScannedForEncodings = 0;
			knownRegions = (
				en,
				Base,
			);
			mainGroup = 748B0FFF1AB547ED005670CE;
			productRefGroup = 748B10091AB547ED005670CE /* Products */;
			projectDirPath = "";
			projectRoot = "";
			targets = (
				748B10071AB547ED005670CE /* Todoapps */,
				748B101F1AB547EE005670CE /* TodoappsTests */,
			);
		};
/* End PBXProject section */

/* Begin PBXResourcesBuildPhase section */
		748B10061AB547ED005670CE /* Resources */ = {
			isa = PBXResourcesBuildPhase;
			buildActionMask = 2147483647;
			files = (
				748B10161AB547EE005670CE /* Main.storyboard in Resources */,
				748B101B1AB547EE005670CE /* LaunchScreen.xib in Resources */,
				748B10181AB547EE005670CE /* Images.xcassets in Resources */,
			);
			runOnlyForDeploymentPostprocessing = 0;
		};
		748B101E1AB547EE005670CE /* Resources */ = {
			isa = PBXResourcesBuildPhase;
			buildActionMask = 2147483647;
			files = (
			);
			runOnlyForDeploymentPostprocessing = 0;
		};
/* End PBXResourcesBuildPhase section */

/* Begin PBXSourcesBuildPhase section */
		748B10041AB547ED005670CE /* Sources */ = {
			isa = PBXSourcesBuildPhase;
			buildActionMask = 2147483647;
			files = (
				748B10311AB55984005670CE /* Entity.swift in Sources */,
				748B10131AB547EE005670CE /* ViewController.swift in Sources */,
				748B100E1AB547EE005670CE /* AppDelegate.swift in Sources */,
				748B10111AB547EE005670CE /* Todoapps.xcdatamodeld in Sources */,
			);
			runOnlyForDeploymentPostprocessing = 0;
		};
		748B101C1AB547EE005670CE /* Sources */ = {
			isa = PBXSourcesBuildPhase;
			buildActionMask = 2147483647;
			files = (
				748B10271AB547EE005670CE /* TodoappsTests.swift in Sources */,
			);
			runOnlyForDeploymentPostprocessing = 0;
		};
/* End PBXSourcesBuildPhase section */

/* Begin PBXTargetDependency section */
		748B10221AB547EE005670CE /* PBXTargetDependency */ = {
			isa = PBXTargetDependency;
			target = 748B10071AB547ED005670CE /* Todoapps */;
			targetProxy = 748B10211AB547EE005670CE /* PBXContainerItemProxy */;
		};
/* End PBXTargetDependency section */

/* Begin PBXVariantGroup section */
		748B10141AB547EE005670CE /* Main.storyboard */ = {
			isa = PBXVariantGroup;
			children = (
				748B10151AB547EE005670CE /* Base */,
			);
			name = Main.storyboard;
			sourceTree = "<group>";
		};
		748B10191AB547EE005670CE /* LaunchScreen.xib */ = {
			isa = PBXVariantGroup;
			children = (
				748B101A1AB547EE005670CE /* Base */,
			);
			name = LaunchScreen.xib;
			sourceTree = "<group>";
		};
/* End PBXVariantGroup section */

/* Begin XCBuildConfiguration section */
		748B10281AB547EE005670CE /* Debug */ = {
			isa = XCBuildConfiguration;
			buildSettings = {
				ALWAYS_SEARCH_USER_PATHS = NO;
				CLANG_CXX_LANGUAGE_STANDARD = "gnu++0x";
				CLANG_CXX_LIBRARY = "libc++";
				CLANG_ENABLE_MODULES = YES;
				CLANG_ENABLE_OBJC_ARC = YES;
				CLANG_WARN_BOOL_CONVERSION = YES;
				CLANG_WARN_CONSTANT_CONVERSION = YES;
				CLANG_WARN_DIRECT_OBJC_ISA_USAGE = YES_ERROR;
				CLANG_WARN_EMPTY_BODY = YES;
				CLANG_WARN_ENUM_CONVERSION = YES;
				CLANG_WARN_INT_CONVERSION = YES;
				CLANG_WARN_OBJC_ROOT_CLASS = YES_ERROR;
				CLANG_WARN_UNREACHABLE_CODE = YES;
				CLANG_WARN__DUPLICATE_METHOD_MATCH = YES;
				"CODE_SIGN_IDENTITY[sdk=iphoneos*]" = "iPhone Developer";
				COPY_PHASE_STRIP = NO;
				ENABLE_STRICT_OBJC_MSGSEND = YES;
				GCC_C_LANGUAGE_STANDARD = gnu99;
				GCC_DYNAMIC_NO_PIC = NO;
				GCC_OPTIMIZATION_LEVEL = 0;
				GCC_PREPROCESSOR_DEFINITIONS = (
					"DEBUG=1",
					"$(inherited)",
				);
				GCC_SYMBOLS_PRIVATE_EXTERN = NO;
				GCC_WARN_64_TO_32_BIT_CONVERSION = YES;
				GCC_WARN_ABOUT_RETURN_TYPE = YES_ERROR;
				GCC_WARN_UNDECLARED_SELECTOR = YES;
				GCC_WARN_UNINITIALIZED_AUTOS = YES_AGGRESSIVE;
				GCC_WARN_UNUSED_FUNCTION = YES;
				GCC_WARN_UNUSED_VARIABLE = YES;
				IPHONEOS_DEPLOYMENT_TARGET = 8.1;
				MTL_ENABLE_DEBUG_INFO = YES;
				ONLY_ACTIVE_ARCH = YES;
				SDKROOT = iphoneos;
				SWIFT_OPTIMIZATION_LEVEL = "-Onone";
			};
			name = Debug;
		};
		748B10291AB547EE005670CE /* Release */ = {
			isa = XCBuildConfiguration;
			buildSettings = {
				ALWAYS_SEARCH_USER_PATHS = NO;
				CLANG_CXX_LANGUAGE_STANDARD = "gnu++0x";
				CLANG_CXX_LIBRARY = "libc++";
				CLANG_ENABLE_MODULES = YES;
				CLANG_ENABLE_OBJC_ARC = YES;
				CLANG_WARN_BOOL_CONVERSION = YES;
				CLANG_WARN_CONSTANT_CONVERSION = YES;
				CLANG_WARN_DIRECT_OBJC_ISA_USAGE = YES_ERROR;
				CLANG_WARN_EMPTY_BODY = YES;
				CLANG_WARN_ENUM_CONVERSION = YES;
				CLANG_WARN_INT_CONVERSION = YES;
				CLANG_WARN_OBJC_ROOT_CLASS = YES_ERROR;
				CLANG_WARN_UNREACHABLE_CODE = YES;
				CLANG_WARN__DUPLICATE_METHOD_MATCH = YES;
				"CODE_SIGN_IDENTITY[sdk=iphoneos*]" = "iPhone Developer";
				COPY_PHASE_STRIP = YES;
				ENABLE_NS_ASSERTIONS = NO;
				ENABLE_STRICT_OBJC_MSGSEND = YES;
				GCC_C_LANGUAGE_STANDARD = gnu99;
				GCC_WARN_64_TO_32_BIT_CONVERSION = YES;
				GCC_WARN_ABOUT_RETURN_TYPE = YES_ERROR;
				GCC_WARN_UNDECLARED_SELECTOR = YES;
				GCC_WARN_UNINITIALIZED_AUTOS = YES_AGGRESSIVE;
				GCC_WARN_UNUSED_FUNCTION = YES;
				GCC_WARN_UNUSED_VARIABLE = YES;
				IPHONEOS_DEPLOYMENT_TARGET = 8.1;
				MTL_ENABLE_DEBUG_INFO = NO;
				SDKROOT = iphoneos;
				VALIDATE_PRODUCT = YES;
			};
			name = Release;
		};
		748B102B1AB547EE005670CE /* Debug */ = {
			isa = XCBuildConfiguration;
			buildSettings = {
				ASSETCATALOG_COMPILER_APPICON_NAME = AppIcon;
				INFOPLIST_FILE = Todoapps/Info.plist;
				LD_RUNPATH_SEARCH_PATHS = "$(inherited) @executable_path/Frameworks";
				PRODUCT_NAME = "$(TARGET_NAME)";
			};
			name = Debug;
		};
		748B102C1AB547EE005670CE /* Release */ = {
			isa = XCBuildConfiguration;
			buildSettings = {
				ASSETCATALOG_COMPILER_APPICON_NAME = AppIcon;
				INFOPLIST_FILE = Todoapps/Info.plist;
				LD_RUNPATH_SEARCH_PATHS = "$(inherited) @executable_path/Frameworks";
				PRODUCT_NAME = "$(TARGET_NAME)";
			};
			name = Release;
		};
		748B102E1AB547EE005670CE /* Debug */ = {
			isa = XCBuildConfiguration;
			buildSettings = {
				BUNDLE_LOADER = "$(TEST_HOST)";
				FRAMEWORK_SEARCH_PATHS = (
					"$(SDKROOT)/Developer/Library/Frameworks",
					"$(inherited)",
				);
				GCC_PREPROCESSOR_DEFINITIONS = (
					"DEBUG=1",
					"$(inherited)",
				);
				INFOPLIST_FILE = TodoappsTests/Info.plist;
				LD_RUNPATH_SEARCH_PATHS = "$(inherited) @executable_path/Frameworks @loader_path/Frameworks";
				PRODUCT_NAME = "$(TARGET_NAME)";
				TEST_HOST = "$(BUILT_PRODUCTS_DIR)/Todoapps.app/Todoapps";
			};
			name = Debug;
		};
		748B102F1AB547EE005670CE /* Release */ = {
			isa = XCBuildConfiguration;
			buildSettings = {
				BUNDLE_LOADER = "$(TEST_HOST)";
				FRAMEWORK_SEARCH_PATHS = (
					"$(SDKROOT)/Developer/Library/Frameworks",
					"$(inherited)",
				);
				INFOPLIST_FILE = TodoappsTests/Info.plist;
				LD_RUNPATH_SEARCH_PATHS = "$(inherited) @executable_path/Frameworks @loader_path/Frameworks";
				PRODUCT_NAME = "$(TARGET_NAME)";
				TEST_HOST = "$(BUILT_PRODUCTS_DIR)/Todoapps.app/Todoapps";
			};
			name = Release;
		};
/* End XCBuildConfiguration section */

/* Begin XCConfigurationList section */
		748B10031AB547ED005670CE /* Build configuration list for PBXProject "Todoapps" */ = {
			isa = XCConfigurationList;
			buildConfigurations = (
				748B10281AB547EE005670CE /* Debug */,
				748B10291AB547EE005670CE /* Release */,
			);
			defaultConfigurationIsVisible = 0;
			defaultConfigurationName = Release;
		};
		748B102A1AB547EE005670CE /* Build configuration list for PBXNativeTarget "Todoapps" */ = {
			isa = XCConfigurationList;
			buildConfigurations = (
				748B102B1AB547EE005670CE /* Debug */,
				748B102C1AB547EE005670CE /* Release */,
			);
			defaultConfigurationIsVisible = 0;
		};
		748B102D1AB547EE005670CE /* Build configuration list for PBXNativeTarget "TodoappsTests" */ = {
			isa = XCConfigurationList;
			buildConfigurations = (
				748B102E1AB547EE005670CE /* Debug */,
				748B102F1AB547EE005670CE /* Release */,
			);
			defaultConfigurationIsVisible = 0;
		};
/* End XCConfigurationList section */

/* Begin XCVersionGroup section */
		748B100F1AB547EE005670CE /* Todoapps.xcdatamodeld */ = {
			isa = XCVersionGroup;
			children = (
				748B10101AB547EE005670CE /* Todoapps.xcdatamodel */,
			);
			currentVersion = 748B10101AB547EE005670CE /* Todoapps.xcdatamodel */;
			path = Todoapps.xcdatamodeld;
			sourceTree = "<group>";
			versionGroupType = wrapper.xcdatamodel;
		};
/* End XCVersionGroup section */
	};
	rootObject = 748B10001AB547ED005670CE /* Project object */;
}
